
Microsoft Visual Studio Solution File, Format Version 12.00
# Visual Studio 15
VisualStudioVersion = 15.0.27004.2010
MinimumVisualStudioVersion = 10.0.40219.1
Project("{FAE04EC0-301F-11D3-BF4B-00C04F79EFBC}") = "DigitalClock", "DigitalClock\DigitalClock.csproj", "{48FC0A2A-047E-4216-8A7F-8E1D7501AF6C}"
EndProject
Project("{FAE04EC0-301F-11D3-BF4B-00C04F79EFBC}") = "ComputerBuilder", "ComputerBuilder\ComputerBuilder.csproj", "{1B4CC6FB-0353-451B-B1AD-72ABB36A4687}"
EndProject
Project("{FAE04EC0-301F-11D3-BF4B-00C04F79EFBC}") = "CreditcardVerification", "CreditcardVerification\CreditcardVerification.csproj", "{3D47553E-3B30-4036-879C-7D3D999DEBBE}"
EndProject
Project("{FAE04EC0-301F-11D3-BF4B-00C04F79EFBC}") = "CosplayBuilder", "CosplayBuilder\CosplayBuilder.csproj", "{2D4A3FB6-C4D5-4BC4-8C11-8AD1180A6AE0}"
EndProject
Project("{FAE04EC0-301F-11D3-BF4B-00C04F79EFBC}") = "OrderDiscount", "OrderDiscount\OrderDiscount.csproj", "{427A11EC-5FF9-420C-9D99-17D377428193}"
EndProject
Global
	GlobalSection(SolutionConfigurationPlatforms) = preSolution
		Debug|Any CPU = Debug|Any CPU
		Release|Any CPU = Release|Any CPU
	EndGlobalSection
	GlobalSection(ProjectConfigurationPlatforms) = postSolution
		{48FC0A2A-047E-4216-8A7F-8E1D7501AF6C}.Debug|Any CPU.ActiveCfg = Debug|Any CPU
		{48FC0A2A-047E-4216-8A7F-8E1D7501AF6C}.Debug|Any CPU.Build.0 = Debug|Any CPU
		{48FC0A2A-047E-4216-8A7F-8E1D7501AF6C}.Release|Any CPU.ActiveCfg = Release|Any CPU
		{48FC0A2A-047E-4216-8A7F-8E1D7501AF6C}.Release|Any CPU.Build.0 = Release|Any CPU
		{1B4CC6FB-0353-451B-B1AD-72ABB36A4687}.Debug|Any CPU.ActiveCfg = Debug|Any CPU
		{1B4CC6FB-0353-451B-B1AD-72ABB36A4687}.Debug|Any CPU.Build.0 = Debug|Any CPU
		{1B4CC6FB-0353-451B-B1AD-72ABB36A4687}.Release|Any CPU.ActiveCfg = Release|Any CPU
		{1B4CC6FB-0353-451B-B1AD-72ABB36A4687}.Release|Any CPU.Build.0 = Release|Any CPU
		{3D47553E-3B30-4036-879C-7D3D999DEBBE}.Debug|Any CPU.ActiveCfg = Debug|Any CPU
		{3D47553E-3B30-4036-879C-7D3D999DEBBE}.Debug|Any CPU.Build.0 = Debug|Any CPU
		{3D47553E-3B30-4036-879C-7D3D999DEBBE}.Release|Any CPU.ActiveCfg = Release|Any CPU
		{3D47553E-3B30-4036-879C-7D3D999DEBBE}.Release|Any CPU.Build.0 = Release|Any CPU
		{2D4A3FB6-C4D5-4BC4-8C11-8AD1180A6AE0}.Debug|Any CPU.ActiveCfg = Debug|Any CPU
		{2D4A3FB6-C4D5-4BC4-8C11-8AD1180A6AE0}.Debug|Any CPU.Build.0 = Debug|Any CPU
		{2D4A3FB6-C4D5-4BC4-8C11-8AD1180A6AE0}.Release|Any CPU.ActiveCfg = Release|Any CPU
		{2D4A3FB6-C4D5-4BC4-8C11-8AD1180A6AE0}.Release|Any CPU.Build.0 = Release|Any CPU
		{427A11EC-5FF9-420C-9D99-17D377428193}.Debug|Any CPU.ActiveCfg = Debug|Any CPU
		{427A11EC-5FF9-420C-9D99-17D377428193}.Debug|Any CPU.Build.0 = Debug|Any CPU
		{427A11EC-5FF9-420C-9D99-17D377428193}.Release|Any CPU.ActiveCfg = Release|Any CPU
		{427A11EC-5FF9-420C-9D99-17D377428193}.Release|Any CPU.Build.0 = Release|Any CPU
	EndGlobalSection
	GlobalSection(SolutionProperties) = preSolution
		HideSolutionNode = FALSE
	EndGlobalSection
	GlobalSection(ExtensibilityGlobals) = postSolution
		SolutionGuid = {B19C6484-3587-4EB3-9F07-F88360B756B4}
	EndGlobalSection
EndGlobal
